Microsoft Visual Studio Solution File, Format Version 12.00
# Visual Studio Version 17
VisualStudioVersion = 17.0.31903.59
MinimumVisualStudioVersion = 10.0.40219.1
Project("{FAE04EC0-301F-11D3-BF4B-00C04F79EFBC}") = "VisionFramework.Core", "src\VisionFramework.Core\VisionFramework.Core.csproj", "{A1B2C3D4-0001-0001-0001-000000000001}"
EndProject
Project("{FAE04EC0-301F-11D3-BF4B-00C04F79EFBC}") = "VisionFramework.Devices", "src\VisionFramework.Devices\VisionFramework.Devices.csproj", "{A1B2C3D4-0001-0001-0001-000000000002}"
EndProject
Project("{FAE04EC0-301F-11D3-BF4B-00C04F79EFBC}") = "VisionFramework.VisionPro", "src\VisionFramework.VisionPro\VisionFramework.VisionPro.csproj", "{A1B2C3D4-0001-0001-0001-000000000003}"
EndProject
Project("{FAE04EC0-301F-11D3-BF4B-00C04F79EFBC}") = "VisionFramework.System", "src\VisionFramework.System\VisionFramework.System.csproj", "{A1B2C3D4-0001-0001-0001-000000000004}"
EndProject
Project("{FAE04EC0-301F-11D3-BF4B-00C04F79EFBC}") = "VisionFramework.UI", "src\VisionFramework.UI\VisionFramework.UI.csproj", "{A1B2C3D4-0001-0001-0001-000000000005}"
EndProject
Project("{FAE04EC0-301F-11D3-BF4B-00C04F79EFBC}") = "VisionFramework.App", "src\VisionFramework.App\VisionFramework.App.csproj", "{A1B2C3D4-0001-0001-0001-000000000006}"
EndProject
Global
	GlobalSection(SolutionConfigurationPlatforms) = preSolution
		Debug|x86 = Debug|x86
		Release|x86 = Release|x86
	EndGlobalSection
	GlobalSection(ProjectConfigurationPlatforms) = postSolution
		{A1B2C3D4-0001-0001-0001-000000000001}.Debug|x86.ActiveCfg = Debug|x86
		{A1B2C3D4-0001-0001-0001-000000000001}.Debug|x86.Build.0 = Debug|x86
		{A1B2C3D4-0001-0001-0001-000000000001}.Release|x86.ActiveCfg = Release|x86
		{A1B2C3D4-0001-0001-0001-000000000001}.Release|x86.Build.0 = Release|x86
		{A1B2C3D4-0001-0001-0001-000000000002}.Debug|x86.ActiveCfg = Debug|x86
		{A1B2C3D4-0001-0001-0001-000000000002}.Debug|x86.Build.0 = Debug|x86
		{A1B2C3D4-0001-0001-0001-000000000002}.Release|x86.ActiveCfg = Release|x86
		{A1B2C3D4-0001-0001-0001-000000000002}.Release|x86.Build.0 = Release|x86
		{A1B2C3D4-0001-0001-0001-000000000003}.Debug|x86.ActiveCfg = Debug|x86
		{A1B2C3D4-0001-0001-0001-000000000003}.Debug|x86.Build.0 = Debug|x86
		{A1B2C3D4-0001-0001-0001-000000000003}.Release|x86.ActiveCfg = Release|x86
		{A1B2C3D4-0001-0001-0001-000000000003}.Release|x86.Build.0 = Release|x86
		{A1B2C3D4-0001-0001-0001-000000000004}.Debug|x86.ActiveCfg = Debug|x86
		{A1B2C3D4-0001-0001-0001-000000000004}.Debug|x86.Build.0 = Debug|x86
		{A1B2C3D4-0001-0001-0001-000000000004}.Release|x86.ActiveCfg = Release|x86
		{A1B2C3D4-0001-0001-0001-000000000004}.Release|x86.Build.0 = Release|x86
		{A1B2C3D4-0001-0001-0001-000000000005}.Debug|x86.ActiveCfg = Debug|x86
		{A1B2C3D4-0001-0001-0001-000000000005}.Debug|x86.Build.0 = Debug|x86
		{A1B2C3D4-0001-0001-0001-000000000005}.Release|x86.ActiveCfg = Release|x86
		{A1B2C3D4-0001-0001-0001-000000000005}.Release|x86.Build.0 = Release|x86
		{A1B2C3D4-0001-0001-0001-000000000006}.Debug|x86.ActiveCfg = Debug|x86
		{A1B2C3D4-0001-0001-0001-000000000006}.Debug|x86.Build.0 = Debug|x86
		{A1B2C3D4-0001-0001-0001-000000000006}.Release|x86.ActiveCfg = Release|x86
		{A1B2C3D4-0001-0001-0001-000000000006}.Release|x86.Build.0 = Release|x86
	EndGlobalSection
EndGlobal
